# This file is automatically @generated by Cargo.
# It is not intended for manual editing.
version = 4

[[package]]
name = "agens"
version = "0.1.0"
dependencies = [
 "agens-config",
 "agens-core",
 "agens-providers",
 "agens-store",
 "agens-tools",
 "agens-tui",
]

[[package]]
name = "agens-config"
version = "0.1.0"

[[package]]
name = "agens-core"
version = "0.1.0"

[[package]]
name = "agens-providers"
version = "0.1.0"
dependencies = [
 "agens-config",
 "agens-core",
]

[[package]]
name = "agens-store"
version = "0.1.0"
dependencies = [
 "agens-core",
]

[[package]]
name = "agens-tools"
version = "0.1.0"
dependencies = [
 "agens-config",
 "agens-core",
]

[[package]]
name = "agens-tui"
version = "0.1.0"
dependencies = [
 "agens-core",
]
